Microsoft Visual Studio Solution File, Format Version 12.00
# Visual Studio Version 17
VisualStudioVersion = 17.5.2.0
MinimumVisualStudioVersion = 10.0.40219.1
Project("{FAE04EC0-301F-11D3-BF4B-00C04F79EFBC}") = "SQLSHEET", "SQLSHEET.csproj", "{F1120548-7044-E67C-F22F-E0B4B6CF5274}"
EndProject
Global
	GlobalSection(SolutionConfigurationPlatforms) = preSolution
		Debug|Any CPU = Debug|Any CPU
		Release|Any CPU = Release|Any CPU
	EndGlobalSection
	GlobalSection(ProjectConfigurationPlatforms) = postSolution
		{F1120548-7044-E67C-F22F-E0B4B6CF5274}.Debug|Any CPU.ActiveCfg = Debug|Any CPU
		{F1120548-7044-E67C-F22F-E0B4B6CF5274}.Debug|Any CPU.Build.0 = Debug|Any CPU
		{F1120548-7044-E67C-F22F-E0B4B6CF5274}.Release|Any CPU.ActiveCfg = Release|Any CPU
		{F1120548-7044-E67C-F22F-E0B4B6CF5274}.Release|Any CPU.Build.0 = Release|Any CPU
	EndGlobalSection
	GlobalSection(SolutionProperties) = preSolution
		HideSolutionNode = FALSE
	EndGlobalSection
	GlobalSection(ExtensibilityGlobals) = postSolution
		SolutionGuid = {8633F5ED-EF57-4AE6-AA43-428FA63F0A0B}
	EndGlobalSection
EndGlobal
